
Microsoft Visual Studio Solution File, Format Version 11.00
# Visual Studio 2010
Project("{FAE04EC0-301F-11D3-BF4B-00C04F79EFBC}") = "Painter", "Painter\Painter.csproj", "{ECB528A4-FE4C-45A3-923E-017F2140D832}"
EndProject
Project("{2150E333-8FDC-42A3-9474-1A3956D46DE8}") = "Solution Items", "Solution Items", "{2EB0FE52-4214-4652-92CF-B5EE569E1626}"
	ProjectSection(SolutionItems) = preProject
		Local.testsettings = Local.testsettings
		Painter.vsmdi = Painter.vsmdi
		TraceAndTestImpact.testsettings = TraceAndTestImpact.testsettings
	EndProjectSection
EndProject
Global
	GlobalSection(TestCaseManagementSettings) = postSolution
		CategoryFile = Painter.vsmdi
	EndGlobalSection
	GlobalSection(SolutionConfigurationPlatforms) = preSolution
		Debug|Any CPU = Debug|Any CPU
		Debug|Mixed Platforms = Debug|Mixed Platforms
		Debug|Win32 = Debug|Win32
		Debug|x86 = Debug|x86
		Release|Any CPU = Release|Any CPU
		Release|Mixed Platforms = Release|Mixed Platforms
		Release|Win32 = Release|Win32
		Release|x86 = Release|x86
	EndGlobalSection
	GlobalSection(ProjectConfigurationPlatforms) = postSolution
		{ECB528A4-FE4C-45A3-923E-017F2140D832}.Debug|Any CPU.ActiveCfg = Debug|x86
		{ECB528A4-FE4C-45A3-923E-017F2140D832}.Debug|Mixed Platforms.ActiveCfg = Debug|x86
		{ECB528A4-FE4C-45A3-923E-017F2140D832}.Debug|Mixed Platforms.Build.0 = Debug|x86
		{ECB528A4-FE4C-45A3-923E-017F2140D832}.Debug|Win32.ActiveCfg = Debug|x86
		{ECB528A4-FE4C-45A3-923E-017F2140D832}.Debug|x86.ActiveCfg = Debug|x86
		{ECB528A4-FE4C-45A3-923E-017F2140D832}.Debug|x86.Build.0 = Debug|x86
		{ECB528A4-FE4C-45A3-923E-017F2140D832}.Release|Any CPU.ActiveCfg = Release|x86
		{ECB528A4-FE4C-45A3-923E-017F2140D832}.Release|Mixed Platforms.ActiveCfg = Release|x86
		{ECB528A4-FE4C-45A3-923E-017F2140D832}.Release|Mixed Platforms.Build.0 = Release|x86
		{ECB528A4-FE4C-45A3-923E-017F2140D832}.Release|Win32.ActiveCfg = Release|x86
		{ECB528A4-FE4C-45A3-923E-017F2140D832}.Release|x86.ActiveCfg = Release|x86
		{ECB528A4-FE4C-45A3-923E-017F2140D832}.Release|x86.Build.0 = Release|x86
	EndGlobalSection
	GlobalSection(SolutionProperties) = preSolution
		HideSolutionNode = FALSE
	EndGlobalSection
EndGlobal
